Microsoft Visual Studio Solution File, Format Version 12.00
# Visual Studio Version 17
VisualStudioVersion = 17.0.31903.59
MinimumVisualStudioVersion = 10.0.40219.1
Project("{FAE04EC0-301F-11D3-BF4B-00C04F79EFBC}") = "Domain.Test", "Domain.Test\Domain.Test.csproj", "{00DC7273-5F93-4BBC-B7DF-6FD2D70A0346}"
EndProject
Project("{FAE04EC0-301F-11D3-BF4B-00C04F79EFBC}") = "Domain", "Domain\Domain.csproj", "{6A454169-3F93-4DA5-864D-F2D4329E9023}"
EndProject
Project("{2150E333-8FDC-42A3-9474-1A3956D46DE8}") = "Core", "Core", "{14041921-3F24-42A4-983C-930CA9EE6158}"
EndProject
Global
	GlobalSection(SolutionConfigurationPlatforms) = preSolution
		Debug|Any CPU = Debug|Any CPU
		Release|Any CPU = Release|Any CPU
	EndGlobalSection
	GlobalSection(ProjectConfigurationPlatforms) = postSolution
		{00DC7273-5F93-4BBC-B7DF-6FD2D70A0346}.Debug|Any CPU.ActiveCfg = Debug|Any CPU
		{00DC7273-5F93-4BBC-B7DF-6FD2D70A0346}.Debug|Any CPU.Build.0 = Debug|Any CPU
		{00DC7273-5F93-4BBC-B7DF-6FD2D70A0346}.Release|Any CPU.ActiveCfg = Release|Any CPU
		{00DC7273-5F93-4BBC-B7DF-6FD2D70A0346}.Release|Any CPU.Build.0 = Release|Any CPU
		{6A454169-3F93-4DA5-864D-F2D4329E9023}.Debug|Any CPU.ActiveCfg = Debug|Any CPU
		{6A454169-3F93-4DA5-864D-F2D4329E9023}.Debug|Any CPU.Build.0 = Debug|Any CPU
		{6A454169-3F93-4DA5-864D-F2D4329E9023}.Release|Any CPU.ActiveCfg = Release|Any CPU
		{6A454169-3F93-4DA5-864D-F2D4329E9023}.Release|Any CPU.Build.0 = Release|Any CPU
	EndGlobalSection
	GlobalSection(NestedProjects) = preSolution
		{6A454169-3F93-4DA5-864D-F2D4329E9023} = {14041921-3F24-42A4-983C-930CA9EE6158}
		{00DC7273-5F93-4BBC-B7DF-6FD2D70A0346} = {14041921-3F24-42A4-983C-930CA9EE6158}
	EndGlobalSection
EndGlobal
